
Microsoft Visual Studio Solution File, Format Version 12.00
# Visual Studio Version 17
VisualStudioVersion = 17.0.31903.59
MinimumVisualStudioVersion = 10.0.40219.1
Project("{FAE04EC0-301F-11D3-BF4B-00C04F79EFBC}") = "day2_HabitTracker", "day2_HabitTracker.csproj", "{06D9E20B-1C74-4578-9005-9375D0289A0F}"
EndProject
Project("{FAE04EC0-301F-11D3-BF4B-00C04F79EFBC}") = "Tests", "Tests\Tests.csproj", "{345AF3F5-20BD-45A8-B3B2-883BE3F69563}"
EndProject
Global
	GlobalSection(SolutionConfigurationPlatforms) = preSolution
		Debug|Any CPU = Debug|Any CPU
		Release|Any CPU = Release|Any CPU
	EndGlobalSection
	GlobalSection(SolutionProperties) = preSolution
		HideSolutionNode = FALSE
	EndGlobalSection
	GlobalSection(ProjectConfigurationPlatforms) = postSolution
		{06D9E20B-1C74-4578-9005-9375D0289A0F}.Debug|Any CPU.ActiveCfg = Debug|Any CPU
		{06D9E20B-1C74-4578-9005-9375D0289A0F}.Debug|Any CPU.Build.0 = Debug|Any CPU
		{06D9E20B-1C74-4578-9005-9375D0289A0F}.Release|Any CPU.ActiveCfg = Release|Any CPU
		{06D9E20B-1C74-4578-9005-9375D0289A0F}.Release|Any CPU.Build.0 = Release|Any CPU
		{345AF3F5-20BD-45A8-B3B2-883BE3F69563}.Debug|Any CPU.ActiveCfg = Debug|Any CPU
		{345AF3F5-20BD-45A8-B3B2-883BE3F69563}.Debug|Any CPU.Build.0 = Debug|Any CPU
		{345AF3F5-20BD-45A8-B3B2-883BE3F69563}.Release|Any CPU.ActiveCfg = Release|Any CPU
		{345AF3F5-20BD-45A8-B3B2-883BE3F69563}.Release|Any CPU.Build.0 = Release|Any CPU
	EndGlobalSection
EndGlobal
